
Microsoft Visual Studio Solution File, Format Version 12.00
# Visual Studio 15
VisualStudioVersion = 15.0.27130.2010
MinimumVisualStudioVersion = 10.0.40219.1
Project("{FAE04EC0-301F-11D3-BF4B-00C04F79EFBC}") = "CoursCSharp", "CoursCSharp\CoursCSharp.csproj", "{5A59DB49-C4D5-4B42-8E3D-D35EA2F7664C}"
EndProject
Project("{FAE04EC0-301F-11D3-BF4B-00C04F79EFBC}") = "ConsoleClass", "ConsoleClass\ConsoleClass.csproj", "{1A2A2900-1B37-4914-BCC7-BB65F7EC8EBC}"
EndProject
Global
	GlobalSection(SolutionConfigurationPlatforms) = preSolution
		Debug|Any CPU = Debug|Any CPU
		Release|Any CPU = Release|Any CPU
	EndGlobalSection
	GlobalSection(ProjectConfigurationPlatforms) = postSolution
		{5A59DB49-C4D5-4B42-8E3D-D35EA2F7664C}.Debug|Any CPU.ActiveCfg = Debug|Any CPU
		{5A59DB49-C4D5-4B42-8E3D-D35EA2F7664C}.Debug|Any CPU.Build.0 = Debug|Any CPU
		{5A59DB49-C4D5-4B42-8E3D-D35EA2F7664C}.Release|Any CPU.ActiveCfg = Release|Any CPU
		{5A59DB49-C4D5-4B42-8E3D-D35EA2F7664C}.Release|Any CPU.Build.0 = Release|Any CPU
		{1A2A2900-1B37-4914-BCC7-BB65F7EC8EBC}.Debug|Any CPU.ActiveCfg = Debug|Any CPU
		{1A2A2900-1B37-4914-BCC7-BB65F7EC8EBC}.Debug|Any CPU.Build.0 = Debug|Any CPU
		{1A2A2900-1B37-4914-BCC7-BB65F7EC8EBC}.Release|Any CPU.ActiveCfg = Release|Any CPU
		{1A2A2900-1B37-4914-BCC7-BB65F7EC8EBC}.Release|Any CPU.Build.0 = Release|Any CPU
	EndGlobalSection
	GlobalSection(SolutionProperties) = preSolution
		HideSolutionNode = FALSE
	EndGlobalSection
	GlobalSection(ExtensibilityGlobals) = postSolution
		SolutionGuid = {B3E88470-62C6-472A-BF7D-D2584E94C17C}
	EndGlobalSection
EndGlobal
